// !$*UTF8*$!
{
	archiveVersion = 1;
	classes = {
	};
	objectVersion = 46;
	objects = {

/* Begin PBXBuildFile section */
		A63AF1861D50490B0084CE06 /* KeepNewFeatureViewController.m in Sources */ = {isa = PBXBuildFile; fileRef = A63AF1601D50490B0084CE06 /* KeepNewFeatureViewController.m */; };
		A63AF1871D50490B0084CE06 /* KeepAdLabel.m in Sources */ = {isa = PBXBuildFile; fileRef = A63AF1631D50490B0084CE06 /* KeepAdLabel.m */; };
		A63AF1881D50490B0084CE06 /* KeepAdScrollView.m in Sources */ = {isa = PBXBuildFile; fileRef = A63AF1651D50490B0084CE06 /* KeepAdScrollView.m */; };
		A63AF1891D50490B0084CE06 /* KeepNewFeatrueView.m in Sources */ = {isa = PBXBuildFile; fileRef = A63AF1671D50490B0084CE06 /* KeepNewFeatrueView.m */; };
		A63AF18A1D50490B0084CE06 /* MSLoadingDotsVC.swift in Sources */ = {isa = PBXBuildFile; fileRef = A63AF16A1D50490B0084CE06 /* MSLoadingDotsVC.swift */; };
		A63AF18B1D50490B0084CE06 /* LoadingDots.swift in Sources */ = {isa = PBXBuildFile; fileRef = A63AF16D1D50490B0084CE06 /* LoadingDots.swift */; };
		A63AF18C1D50490B0084CE06 /* LoadingDots.xib in Resources */ = {isa = PBXBuildFile; fileRef = A63AF16E1D50490B0084CE06 /* LoadingDots.xib */; };
		A63AF18D1D50490B0084CE06 /* MapViewController.swift in Sources */ = {isa = PBXBuildFile; fileRef = A63AF1711D50490B0084CE06 /* MapViewController.swift */; };
		A63AF18E1D50490B0084CE06 /* Annotation.swift in Sources */ = {isa = PBXBuildFile; fileRef = A63AF1741D50490B0084CE06 /* Annotation.swift */; };
		A63AF18F1D50490B0084CE06 /* SonarAnnotationView.swift in Sources */ = {isa = PBXBuildFile; fileRef = A63AF1761D50490B0084CE06 /* SonarAnnotationView.swift */; };
		A63AF1901D50490B0084CE06 /* MSScanningVC.m in Sources */ = {isa = PBXBuildFile; fileRef = A63AF17D1D50490B0084CE06 /* MSScanningVC.m */; };
		A63AF1911D50490B0084CE06 /* MSSpotlightVC.m in Sources */ = {isa = PBXBuildFile; fileRef = A63AF1811D50490B0084CE06 /* MSSpotlightVC.m */; };
		A63AF1921D50490B0084CE06 /* MSGuideView.m in Sources */ = {isa = PBXBuildFile; fileRef = A63AF1851D50490B0084CE06 /* MSGuideView.m */; };
		A63AF1941D5049280084CE06 /* GlobalFunctions.swift in Sources */ = {isa = PBXBuildFile; fileRef = A63AF1931D5049280084CE06 /* GlobalFunctions.swift */; };
		A63AF1961D50493B0084CE06 /* MSProgressVC.swift in Sources */ = {isa = PBXBuildFile; fileRef = A63AF1951D50493B0084CE06 /* MSProgressVC.swift */; };
		A63AF1981D5049810084CE06 /* ProgressView.swift in Sources */ = {isa = PBXBuildFile; fileRef = A63AF1971D5049810084CE06 /* ProgressView.swift */; };
		A63AF19A1D50498E0084CE06 /* Gallon.swift in Sources */ = {isa = PBXBuildFile; fileRef = A63AF1991D50498E0084CE06 /* Gallon.swift */; };
		A63AF19E1D5049F90084CE06 /* MSProgressVC.storyboard in Resources */ = {isa = PBXBuildFile; fileRef = A63AF19D1D5049F90084CE06 /* MSProgressVC.storyboard */; };
		A6772EAA1D6A98BB008D0B74 /* main.m in Sources */ = {isa = PBXBuildFile; fileRef = A6772EA91D6A98BB008D0B74 /* main.m */; };
		A6772EB31D6A98BB008D0B74 /* Main.storyboard in Resources */ = {isa = PBXBuildFile; fileRef = A6772EB11D6A98BB008D0B74 /* Main.storyboard */; };
		A6772EB51D6A98BB008D0B74 /* Assets.xcassets in Resources */ = {isa = PBXBuildFile; fileRef = A6772EB41D6A98BB008D0B74 /* Assets.xcassets */; };
		A6772EB81D6A98BB008D0B74 /* LaunchScreen.storyboard in Resources */ = {isa = PBXBuildFile; fileRef = A6772EB61D6A98BB008D0B74 /* LaunchScreen.storyboard */; };
		A6772EC31D6A98BB008D0B74 /* MSShowTests.m in Sources */ = {isa = PBXBuildFile; fileRef = A6772EC21D6A98BB008D0B74 /* MSShowTests.m */; };
		A6772EEB1D6AADCB008D0B74 /* keep.mp4 in Resources */ = {isa = PBXBuildFile; fileRef = A6772EEA1D6AADCB008D0B74 /* keep.mp4 */; };
		A6FFCA1F1D50725B00531366 /* CLMLayerAnimation.swift in Sources */ = {isa = PBXBuildFile; fileRef = A6FFCA1E1D50725B00531366 /* CLMLayerAnimation.swift */; };
		A6FFCA221D5072AA00531366 /* CharacterLabel.swift in Sources */ = {isa = PBXBuildFile; fileRef = A6FFCA201D5072AA00531366 /* CharacterLabel.swift */; };
		A6FFCA231D5072AA00531366 /* FadingLabel.swift in Sources */ = {isa = PBXBuildFile; fileRef = A6FFCA211D5072AA00531366 /* FadingLabel.swift */; };
		A6FFCA251D5072B100531366 /* Quote.swift in Sources */ = {isa = PBXBuildFile; fileRef = A6FFCA241D5072B100531366 /* Quote.swift */; };
		A6FFCA271D5072CD00531366 /* MSFadingText.swift in Sources */ = {isa = PBXBuildFile; fileRef = A6FFCA261D5072CD00531366 /* MSFadingText.swift */; };
		A6FFCA2A1D50734A00531366 /* SwiftExtenstions.swift in Sources */ = {isa = PBXBuildFile; fileRef = A6FFCA291D50734A00531366 /* SwiftExtenstions.swift */; };
		A6FFCA301D5073FC00531366 /* AppDelegate.m in Sources */ = {isa = PBXBuildFile; fileRef = A6FFCA2D1D5073FC00531366 /* AppDelegate.m */; };
		A6FFCA311D5073FC00531366 /* ViewController.m in Sources */ = {isa = PBXBuildFile; fileRef = A6FFCA2F1D5073FC00531366 /* ViewController.m */; };
		EE2E3E2FD803E72B3555BE35 /* Pods_MSShow.framework in Frameworks */ = {isa = PBXBuildFile; fileRef = E71705CE0A743ACA38EBB00F /* Pods_MSShow.framework */; };
/* End PBXBuildFile section */

/* Begin PBXContainerItemProxy section */
		A6772EBF1D6A98BB008D0B74 /* PBXContainerItemProxy */ = {
			isa = PBXContainerItemProxy;
			containerPortal = A6772E9D1D6A98BA008D0B74 /* Project object */;
			proxyType = 1;
			remoteGlobalIDString = A6772EA41D6A98BA008D0B74;
			remoteInfo = MSShow;
		};
/* End PBXContainerItemProxy section */

/* Begin PBXFileReference section */
		10FFF8436F5603168ABA5CDA /* Pods-MSShow.release.xcconfig */ = {isa = PBXFileReference; includeInIndex = 1; lastKnownFileType = text.xcconfig; name = "Pods-MSShow.release.xcconfig"; path = "Pods/Target Support Files/Pods-MSShow/Pods-MSShow.release.xcconfig"; sourceTree = "<group>"; };
		4EE220E5ABF3E7C1FBF50286 /* Pods-MSShow.debug.xcconfig */ = {isa = PBXFileReference; includeInIndex = 1; lastKnownFileType = text.xcconfig; name = "Pods-MSShow.debug.xcconfig"; path = "Pods/Target Support Files/Pods-MSShow/Pods-MSShow.debug.xcconfig"; sourceTree = "<group>"; };
		A63AF15F1D50490B0084CE06 /* KeepNewFeatureViewController.h */ = {isa = PBXFileReference; fileEncoding = 4; lastKnownFileType = sourcecode.c.h; path = KeepNewFeatureViewController.h; sourceTree = "<group>"; };
		A63AF1601D50490B0084CE06 /* KeepNewFeatureViewController.m */ = {isa = PBXFileReference; fileEncoding = 4; lastKnownFileType = sourcecode.c.objc; path = KeepNewFeatureViewController.m; sourceTree = "<group>"; };
		A63AF1621D50490B0084CE06 /* KeepAdLabel.h */ = {isa = PBXFileReference; fileEncoding = 4; lastKnownFileType = sourcecode.c.h; path = KeepAdLabel.h; sourceTree = "<group>"; };
		A63AF1631D50490B0084CE06 /* KeepAdLabel.m */ = {isa = PBXFileReference; fileEncoding = 4; lastKnownFileType = sourcecode.c.objc; path = KeepAdLabel.m; sourceTree = "<group>"; };
		A63AF1641D50490B0084CE06 /* KeepAdScrollView.h */ = {isa = PBXFileReference; fileEncoding = 4; lastKnownFileType = sourcecode.c.h; path = KeepAdScrollView.h; sourceTree = "<group>"; };
		A63AF1651D50490B0084CE06 /* KeepAdScrollView.m */ = {isa = PBXFileReference; fileEncoding = 4; lastKnownFileType = sourcecode.c.objc; path = KeepAdScrollView.m; sourceTree = "<group>"; };
		A63AF1661D50490B0084CE06 /* KeepNewFeatrueView.h */ = {isa = PBXFileReference; fileEncoding = 4; lastKnownFileType = sourcecode.c.h; path = KeepNewFeatrueView.h; sourceTree = "<group>"; };
		A63AF1671D50490B0084CE06 /* KeepNewFeatrueView.m */ = {isa = PBXFileReference; fileEncoding = 4; lastKnownFileType = sourcecode.c.objc; path = KeepNewFeatrueView.m; sourceTree = "<group>"; };
		A63AF16A1D50490B0084CE06 /* MSLoadingDotsVC.swift */ = {isa = PBXFileReference; fileEncoding = 4; lastKnownFileType = sourcecode.swift; path = MSLoadingDotsVC.swift; sourceTree = "<group>"; };
		A63AF16D1D50490B0084CE06 /* LoadingDots.swift */ = {isa = PBXFileReference; fileEncoding = 4; lastKnownFileType = sourcecode.swift; path = LoadingDots.swift; sourceTree = "<group>"; };
		A63AF16E1D50490B0084CE06 /* LoadingDots.xib */ = {isa = PBXFileReference; fileEncoding = 4; lastKnownFileType = file.xib; path = LoadingDots.xib; sourceTree = "<group>"; };
		A63AF1711D50490B0084CE06 /* MapViewController.swift */ = {isa = PBXFileReference; fileEncoding = 4; lastKnownFileType = sourcecode.swift; path = MapViewController.swift; sourceTree = "<group>"; };
		A63AF1741D50490B0084CE06 /* Annotation.swift */ = {isa = PBXFileReference; fileEncoding = 4; lastKnownFileType = sourcecode.swift; path = Annotation.swift; sourceTree = "<group>"; };
		A63AF1761D50490B0084CE06 /* SonarAnnotationView.swift */ = {isa = PBXFileReference; fileEncoding = 4; lastKnownFileType = sourcecode.swift; path = SonarAnnotationView.swift; sourceTree = "<group>"; };
		A63AF17C1D50490B0084CE06 /* MSScanningVC.h */ = {isa = PBXFileReference; fileEncoding = 4; lastKnownFileType = sourcecode.c.h; path = MSScanningVC.h; sourceTree = "<group>"; };
		A63AF17D1D50490B0084CE06 /* MSScanningVC.m */ = {isa = PBXFileReference; fileEncoding = 4; lastKnownFileType = sourcecode.c.objc; path = MSScanningVC.m; sourceTree = "<group>"; };
		A63AF1801D50490B0084CE06 /* MSSpotlightVC.h */ = {isa = PBXFileReference; fileEncoding = 4; lastKnownFileType = sourcecode.c.h; path = MSSpotlightVC.h; sourceTree = "<group>"; };
		A63AF1811D50490B0084CE06 /* MSSpotlightVC.m */ = {isa = PBXFileReference; fileEncoding = 4; lastKnownFileType = sourcecode.c.objc; path = MSSpotlightVC.m; sourceTree = "<group>"; };
		A63AF1841D50490B0084CE06 /* MSGuideView.h */ = {isa = PBXFileReference; fileEncoding = 4; lastKnownFileType = sourcecode.c.h; path = MSGuideView.h; sourceTree = "<group>"; };
		A63AF1851D50490B0084CE06 /* MSGuideView.m */ = {isa = PBXFileReference; fileEncoding = 4; lastKnownFileType = sourcecode.c.objc; path = MSGuideView.m; sourceTree = "<group>"; };
		A63AF1931D5049280084CE06 /* GlobalFunctions.swift */ = {isa = PBXFileReference; fileEncoding = 4; lastKnownFileType = sourcecode.swift; path = GlobalFunctions.swift; sourceTree = "<group>"; };
		A63AF1951D50493B0084CE06 /* MSProgressVC.swift */ = {isa = PBXFileReference; fileEncoding = 4; lastKnownFileType = sourcecode.swift; path = MSProgressVC.swift; sourceTree = "<group>"; };
		A63AF1971D5049810084CE06 /* ProgressView.swift */ = {isa = PBXFileReference; fileEncoding = 4; lastKnownFileType = sourcecode.swift; path = ProgressView.swift; sourceTree = "<group>"; };
		A63AF1991D50498E0084CE06 /* Gallon.swift */ = {isa = PBXFileReference; fileEncoding = 4; lastKnownFileType = sourcecode.swift; path = Gallon.swift; sourceTree = "<group>"; };
		A63AF19D1D5049F90084CE06 /* MSProgressVC.storyboard */ = {isa = PBXFileReference; fileEncoding = 4; lastKnownFileType = file.storyboard; path = MSProgressVC.storyboard; sourceTree = "<group>"; };
		A63AF19F1D504DCC0084CE06 /* MSShow-Bridging-Header.h */ = {isa = PBXFileReference; fileEncoding = 4; lastKnownFileType = sourcecode.c.h; path = "MSShow-Bridging-Header.h"; sourceTree = "<group>"; };
		A6772EA51D6A98BA008D0B74 /* MSShow.app */ = {isa = PBXFileReference; explicitFileType = wrapper.application; includeInIndex = 0; path = MSShow.app; sourceTree = BUILT_PRODUCTS_DIR; };
		A6772EA91D6A98BB008D0B74 /* main.m */ = {isa = PBXFileReference; lastKnownFileType = sourcecode.c.objc; path = main.m; sourceTree = "<group>"; };
		A6772EB21D6A98BB008D0B74 /* Base */ = {isa = PBXFileReference; lastKnownFileType = file.storyboard; name = Base; path = Base.lproj/Main.storyboard; sourceTree = "<group>"; };
		A6772EB41D6A98BB008D0B74 /* Assets.xcassets */ = {isa = PBXFileReference; lastKnownFileType = folder.assetcatalog; path = Assets.xcassets; sourceTree = "<group>"; };
		A6772EB71D6A98BB008D0B74 /* Base */ = {isa = PBXFileReference; lastKnownFileType = file.storyboard; name = Base; path = Base.lproj/LaunchScreen.storyboard; sourceTree = "<group>"; };
		A6772EB91D6A98BB008D0B74 /* Info.plist */ = {isa = PBXFileReference; lastKnownFileType = text.plist.xml; path = Info.plist; sourceTree = "<group>"; };
		A6772EBE1D6A98BB008D0B74 /* MSShowTests.xctest */ = {isa = PBXFileReference; explicitFileType = wrapper.cfbundle; includeInIndex = 0; path = MSShowTests.xctest; sourceTree = BUILT_PRODUCTS_DIR; };
		A6772EC21D6A98BB008D0B74 /* MSShowTests.m */ = {isa = PBXFileReference; lastKnownFileType = sourcecode.c.objc; path = MSShowTests.m; sourceTree = "<group>"; };
		A6772EC41D6A98BB008D0B74 /* Info.plist */ = {isa = PBXFileReference; lastKnownFileType = text.plist.xml; path = Info.plist; sourceTree = "<group>"; };
		A6772EEA1D6AADCB008D0B74 /* keep.mp4 */ = {isa = PBXFileReference; lastKnownFileType = file; path = keep.mp4; sourceTree = "<group>"; };
		A6FFCA1E1D50725B00531366 /* CLMLayerAnimation.swift */ = {isa = PBXFileReference; fileEncoding = 4; lastKnownFileType = sourcecode.swift; path = CLMLayerAnimation.swift; sourceTree = "<group>"; };
		A6FFCA201D5072AA00531366 /* CharacterLabel.swift */ = {isa = PBXFileReference; fileEncoding = 4; lastKnownFileType = sourcecode.swift; path = CharacterLabel.swift; sourceTree = "<group>"; };
		A6FFCA211D5072AA00531366 /* FadingLabel.swift */ = {isa = PBXFileReference; fileEncoding = 4; lastKnownFileType = sourcecode.swift; path = FadingLabel.swift; sourceTree = "<group>"; };
		A6FFCA241D5072B100531366 /* Quote.swift */ = {isa = PBXFileReference; fileEncoding = 4; lastKnownFileType = sourcecode.swift; path = Quote.swift; sourceTree = "<group>"; };
		A6FFCA261D5072CD00531366 /* MSFadingText.swift */ = {isa = PBXFileReference; fileEncoding = 4; lastKnownFileType = sourcecode.swift; path = MSFadingText.swift; sourceTree = "<group>"; };
		A6FFCA291D50734A00531366 /* SwiftExtenstions.swift */ = {isa = PBXFileReference; fileEncoding = 4; lastKnownFileType = sourcecode.swift; path = SwiftExtenstions.swift; sourceTree = "<group>"; };
		A6FFCA2C1D5073FC00531366 /* AppDelegate.h */ = {isa = PBXFileReference; fileEncoding = 4; lastKnownFileType = sourcecode.c.h; path = AppDelegate.h; sourceTree = "<group>"; };
		A6FFCA2D1D5073FC00531366 /* AppDelegate.m */ = {isa = PBXFileReference; fileEncoding = 4; lastKnownFileType = sourcecode.c.objc; path = AppDelegate.m; sourceTree = "<group>"; };
		A6FFCA2E1D5073FC00531366 /* ViewController.h */ = {isa = PBXFileReference; fileEncoding = 4; lastKnownFileType = sourcecode.c.h; path = ViewController.h; sourceTree = "<group>"; };
		A6FFCA2F1D5073FC00531366 /* ViewController.m */ = {isa = PBXFileReference; fileEncoding = 4; lastKnownFileType = sourcecode.c.objc; path = ViewController.m; sourceTree = "<group>"; };
		E71705CE0A743ACA38EBB00F /* Pods_MSShow.framework */ = {isa = PBXFileReference; explicitFileType = wrapper.framework; includeInIndex = 0; path = Pods_MSShow.framework; sourceTree = BUILT_PRODUCTS_DIR; };
/* End PBXFileReference section */

/* Begin PBXFrameworksBuildPhase section */
		A6772EA21D6A98BA008D0B74 /* Frameworks */ = {
			isa = PBXFrameworksBuildPhase;
			buildActionMask = 2147483647;
			files = (
				EE2E3E2FD803E72B3555BE35 /* Pods_MSShow.framework in Frameworks */,
			);
			runOnlyForDeploymentPostprocessing = 0;
		};
		A6772EBB1D6A98BB008D0B74 /* Frameworks */ = {
			isa = PBXFrameworksBuildPhase;
			buildActionMask = 2147483647;
			files = (
			);
			runOnlyForDeploymentPostprocessing = 0;
		};
/* End PBXFrameworksBuildPhase section */

/* Begin PBXGroup section */
		16604BFBC98D023F3556ACF6 /* Pods */ = {
			isa = PBXGroup;
			children = (
				4EE220E5ABF3E7C1FBF50286 /* Pods-MSShow.debug.xcconfig */,
				10FFF8436F5603168ABA5CDA /* Pods-MSShow.release.xcconfig */,
			);
			name = Pods;
			sourceTree = "<group>";
		};
		3A95B34CEF70C5D146A24047 /* Frameworks */ = {
			isa = PBXGroup;
			children = (
				E71705CE0A743ACA38EBB00F /* Pods_MSShow.framework */,
			);
			name = Frameworks;
			sourceTree = "<group>";
		};
		A63AF15B1D5048DA0084CE06 /* MSHelpers */ = {
			isa = PBXGroup;
			children = (
				A63AF1931D5049280084CE06 /* GlobalFunctions.swift */,
			);
			path = MSHelpers;
			sourceTree = "<group>";
		};
		A63AF15C1D50490B0084CE06 /* MSAnimations */ = {
			isa = PBXGroup;
			children = (
				A6FFCA191D5071D800531366 /* MSFadingText */,
				A63AF15D1D50490B0084CE06 /* MSKeep */,
				A63AF1681D50490B0084CE06 /* MSLoadingDotsAnimation */,
				A63AF16F1D50490B0084CE06 /* MSMapLocationAnimation */,
				A63AF1771D50490B0084CE06 /* MSProgressAnimation */,
				A63AF17B1D50490B0084CE06 /* MSSearching */,
				A63AF17E1D50490B0084CE06 /* MSSpotlight */,
			);
			path = MSAnimations;
			sourceTree = "<group>";
		};
		A63AF15D1D50490B0084CE06 /* MSKeep */ = {
			isa = PBXGroup;
			children = (
				A63AF15E1D50490B0084CE06 /* Controller */,
				A63AF1611D50490B0084CE06 /* View */,
			);
			path = MSKeep;
			sourceTree = "<group>";
		};
		A63AF15E1D50490B0084CE06 /* Controller */ = {
			isa = PBXGroup;
			children = (
				A63AF15F1D50490B0084CE06 /* KeepNewFeatureViewController.h */,
				A63AF1601D50490B0084CE06 /* KeepNewFeatureViewController.m */,
			);
			path = Controller;
			sourceTree = "<group>";
		};
		A63AF1611D50490B0084CE06 /* View */ = {
			isa = PBXGroup;
			children = (
				A63AF1621D50490B0084CE06 /* KeepAdLabel.h */,
				A63AF1631D50490B0084CE06 /* KeepAdLabel.m */,
				A63AF1641D50490B0084CE06 /* KeepAdScrollView.h */,
				A63AF1651D50490B0084CE06 /* KeepAdScrollView.m */,
				A63AF1661D50490B0084CE06 /* KeepNewFeatrueView.h */,
				A63AF1671D50490B0084CE06 /* KeepNewFeatrueView.m */,
			);
			path = View;
			sourceTree = "<group>";
		};
		A63AF1681D50490B0084CE06 /* MSLoadingDotsAnimation */ = {
			isa = PBXGroup;
			children = (
				A63AF1691D50490B0084CE06 /* Controllers */,
				A63AF16B1D50490B0084CE06 /* Models */,
				A63AF16C1D50490B0084CE06 /* Views */,
			);
			path = MSLoadingDotsAnimation;
			sourceTree = "<group>";
		};
		A63AF1691D50490B0084CE06 /* Controllers */ = {
			isa = PBXGroup;
			children = (
				A63AF16A1D50490B0084CE06 /* MSLoadingDotsVC.swift */,
			);
			path = Controllers;
			sourceTree = "<group>";
		};
		A63AF16B1D50490B0084CE06 /* Models */ = {
			isa = PBXGroup;
			children = (
			);
			path = Models;
			sourceTree = "<group>";
		};
		A63AF16C1D50490B0084CE06 /* Views */ = {
			isa = PBXGroup;
			children = (
				A63AF16D1D50490B0084CE06 /* LoadingDots.swift */,
				A63AF16E1D50490B0084CE06 /* LoadingDots.xib */,
			);
			path = Views;
			sourceTree = "<group>";
		};
		A63AF16F1D50490B0084CE06 /* MSMapLocationAnimation */ = {
			isa = PBXGroup;
			children = (
				A63AF1701D50490B0084CE06 /* Controller */,
				A63AF1731D50490B0084CE06 /* Model */,
				A63AF1751D50490B0084CE06 /* View */,
			);
			path = MSMapLocationAnimation;
			sourceTree = "<group>";
		};
		A63AF1701D50490B0084CE06 /* Controller */ = {
			isa = PBXGroup;
			children = (
				A63AF1711D50490B0084CE06 /* MapViewController.swift */,
			);
			path = Controller;
			sourceTree = "<group>";
		};
		A63AF1731D50490B0084CE06 /* Model */ = {
			isa = PBXGroup;
			children = (
				A63AF1741D50490B0084CE06 /* Annotation.swift */,
			);
			path = Model;
			sourceTree = "<group>";
		};
		A63AF1751D50490B0084CE06 /* View */ = {
			isa = PBXGroup;
			children = (
				A63AF1761D50490B0084CE06 /* SonarAnnotationView.swift */,
			);
			path = View;
			sourceTree = "<group>";
		};
		A63AF1771D50490B0084CE06 /* MSProgressAnimation */ = {
			isa = PBXGroup;
			children = (
				A63AF1781D50490B0084CE06 /* Controllers */,
				A63AF1791D50490B0084CE06 /* Models */,
				A63AF17A1D50490B0084CE06 /* Views */,
			);
			path = MSProgressAnimation;
			sourceTree = "<group>";
		};
		A63AF1781D50490B0084CE06 /* Controllers */ = {
			isa = PBXGroup;
			children = (
				A63AF1951D50493B0084CE06 /* MSProgressVC.swift */,
				A63AF19D1D5049F90084CE06 /* MSProgressVC.storyboard */,
			);
			path = Controllers;
			sourceTree = "<group>";
		};
		A63AF1791D50490B0084CE06 /* Models */ = {
			isa = PBXGroup;
			children = (
				A63AF1991D50498E0084CE06 /* Gallon.swift */,
			);
			path = Models;
			sourceTree = "<group>";
		};
		A63AF17A1D50490B0084CE06 /* Views */ = {
			isa = PBXGroup;
			children = (
				A63AF1971D5049810084CE06 /* ProgressView.swift */,
			);
			path = Views;
			sourceTree = "<group>";
		};
		A63AF17B1D50490B0084CE06 /* MSSearching */ = {
			isa = PBXGroup;
			children = (
				A63AF17C1D50490B0084CE06 /* MSScanningVC.h */,
				A63AF17D1D50490B0084CE06 /* MSScanningVC.m */,
			);
			path = MSSearching;
			sourceTree = "<group>";
		};
		A63AF17E1D50490B0084CE06 /* MSSpotlight */ = {
			isa = PBXGroup;
			children = (
				A63AF17F1D50490B0084CE06 /* Controller */,
				A63AF1821D50490B0084CE06 /* Model */,
				A63AF1831D50490B0084CE06 /* View */,
			);
			path = MSSpotlight;
			sourceTree = "<group>";
		};
		A63AF17F1D50490B0084CE06 /* Controller */ = {
			isa = PBXGroup;
			children = (
				A63AF1801D50490B0084CE06 /* MSSpotlightVC.h */,
				A63AF1811D50490B0084CE06 /* MSSpotlightVC.m */,
			);
			path = Controller;
			sourceTree = "<group>";
		};
		A63AF1821D50490B0084CE06 /* Model */ = {
			isa = PBXGroup;
			children = (
			);
			path = Model;
			sourceTree = "<group>";
		};
		A63AF1831D50490B0084CE06 /* View */ = {
			isa = PBXGroup;
			children = (
				A63AF1841D50490B0084CE06 /* MSGuideView.h */,
				A63AF1851D50490B0084CE06 /* MSGuideView.m */,
			);
			path = View;
			sourceTree = "<group>";
		};
		A6772E9C1D6A98BA008D0B74 = {
			isa = PBXGroup;
			children = (
				A6772EA71D6A98BB008D0B74 /* MSShow */,
				A6772EC11D6A98BB008D0B74 /* MSShowTests */,
				A6772EA61D6A98BA008D0B74 /* Products */,
				16604BFBC98D023F3556ACF6 /* Pods */,
				3A95B34CEF70C5D146A24047 /* Frameworks */,
			);
			sourceTree = "<group>";
		};
		A6772EA61D6A98BA008D0B74 /* Products */ = {
			isa = PBXGroup;
			children = (
				A6772EA51D6A98BA008D0B74 /* MSShow.app */,
				A6772EBE1D6A98BB008D0B74 /* MSShowTests.xctest */,
			);
			name = Products;
			sourceTree = "<group>";
		};
		A6772EA71D6A98BB008D0B74 /* MSShow */ = {
			isa = PBXGroup;
			children = (
				A6772ECD1D6A9B5A008D0B74 /* Shows */,
				A6772EA81D6A98BB008D0B74 /* Supporting Files */,
			);
			path = MSShow;
			sourceTree = "<group>";
		};
		A6772EA81D6A98BB008D0B74 /* Supporting Files */ = {
			isa = PBXGroup;
			children = (
				A6772EEA1D6AADCB008D0B74 /* keep.mp4 */,
				A6772EB11D6A98BB008D0B74 /* Main.storyboard */,
				A6772EB61D6A98BB008D0B74 /* LaunchScreen.storyboard */,
				A6772EB41D6A98BB008D0B74 /* Assets.xcassets */,
				A6772EB91D6A98BB008D0B74 /* Info.plist */,
				A6772EA91D6A98BB008D0B74 /* main.m */,
			);
			name = "Supporting Files";
			sourceTree = "<group>";
		};
		A6772EC11D6A98BB008D0B74 /* MSShowTests */ = {
			isa = PBXGroup;
			children = (
				A6772EC21D6A98BB008D0B74 /* MSShowTests.m */,
				A6772EC41D6A98BB008D0B74 /* Info.plist */,
			);
			path = MSShowTests;
			sourceTree = "<group>";
		};
		A6772ECD1D6A9B5A008D0B74 /* Shows */ = {
			isa = PBXGroup;
			children = (
				A63AF19F1D504DCC0084CE06 /* MSShow-Bridging-Header.h */,
				A6FFCA2B1D5073FC00531366 /* MSMain */,
				A63AF15C1D50490B0084CE06 /* MSAnimations */,
				A63AF15B1D5048DA0084CE06 /* MSHelpers */,
				A6FFCA281D50734000531366 /* MSExtentions */,
			);
			path = Shows;
			sourceTree = "<group>";
		};
		A6FFCA191D5071D800531366 /* MSFadingText */ = {
			isa = PBXGroup;
			children = (
				A6FFCA1A1D5071D800531366 /* Controllers */,
				A6FFCA1B1D5071D800531366 /* Helpers */,
				A6FFCA1C1D5071D800531366 /* Models */,
				A6FFCA1D1D5071D800531366 /* Views */,
			);
			path = MSFadingText;
			sourceTree = "<group>";
		};
		A6FFCA1A1D5071D800531366 /* Controllers */ = {
			isa = PBXGroup;
			children = (
				A6FFCA261D5072CD00531366 /* MSFadingText.swift */,
			);
			path = Controllers;
			sourceTree = "<group>";
		};
		A6FFCA1B1D5071D800531366 /* Helpers */ = {
			isa = PBXGroup;
			children = (
				A6FFCA1E1D50725B00531366 /* CLMLayerAnimation.swift */,
			);
			path = Helpers;
			sourceTree = "<group>";
		};
		A6FFCA1C1D5071D800531366 /* Models */ = {
			isa = PBXGroup;
			children = (
				A6FFCA241D5072B100531366 /* Quote.swift */,
			);
			path = Models;
			sourceTree = "<group>";
		};
		A6FFCA1D1D5071D800531366 /* Views */ = {
			isa = PBXGroup;
			children = (
				A6FFCA201D5072AA00531366 /* CharacterLabel.swift */,
				A6FFCA211D5072AA00531366 /* FadingLabel.swift */,
			);
			path = Views;
			sourceTree = "<group>";
		};
		A6FFCA281D50734000531366 /* MSExtentions */ = {
			isa = PBXGroup;
			children = (
				A6FFCA291D50734A00531366 /* SwiftExtenstions.swift */,
			);
			path = MSExtentions;
			sourceTree = "<group>";
		};
		A6FFCA2B1D5073FC00531366 /* MSMain */ = {
			isa = PBXGroup;
			children = (
				A6FFCA2C1D5073FC00531366 /* AppDelegate.h */,
				A6FFCA2D1D5073FC00531366 /* AppDelegate.m */,
				A6FFCA2E1D5073FC00531366 /* ViewController.h */,
				A6FFCA2F1D5073FC00531366 /* ViewController.m */,
			);
			path = MSMain;
			sourceTree = "<group>";
		};
/* End PBXGroup section */

/* Begin PBXNativeTarget section */
		A6772EA41D6A98BA008D0B74 /* MSShow */ = {
			isa = PBXNativeTarget;
			buildConfigurationList = A6772EC71D6A98BB008D0B74 /* Build configuration list for PBXNativeTarget "MSShow" */;
			buildPhases = (
				3A01D96B1F92DBB0341880B6 /* [CP] Check Pods Manifest.lock */,
				A6772EA11D6A98BA008D0B74 /* Sources */,
				A6772EA21D6A98BA008D0B74 /* Frameworks */,
				A6772EA31D6A98BA008D0B74 /* Resources */,
				C13B40EE27B00A17B6DD72FD /* [CP] Embed Pods Frameworks */,
				EFEC7767354C7431850E2CB1 /* [CP] Copy Pods Resources */,
			);
			buildRules = (
			);
			dependencies = (
			);
			name = MSShow;
			productName = MSShow;
			productReference = A6772EA51D6A98BA008D0B74 /* MSShow.app */;
			productType = "com.apple.product-type.application";
		};
		A6772EBD1D6A98BB008D0B74 /* MSShowTests */ = {
			isa = PBXNativeTarget;
			buildConfigurationList = A6772ECA1D6A98BB008D0B74 /* Build configuration list for PBXNativeTarget "MSShowTests" */;
			buildPhases = (
				A6772EBA1D6A98BB008D0B74 /* Sources */,
				A6772EBB1D6A98BB008D0B74 /* Frameworks */,
				A6772EBC1D6A98BB008D0B74 /* Resources */,
			);
			buildRules = (
			);
			dependencies = (
				A6772EC01D6A98BB008D0B74 /* PBXTargetDependency */,
			);
			name = MSShowTests;
			productName = MSShowTests;
			productReference = A6772EBE1D6A98BB008D0B74 /* MSShowTests.xctest */;
			productType = "com.apple.product-type.bundle.unit-test";
		};
/* End PBXNativeTarget section */

/* Begin PBXProject section */
		A6772E9D1D6A98BA008D0B74 /* Project object */ = {
			isa = PBXProject;
			attributes = {
				CLASSPREFIX = MS;
				LastUpgradeCheck = 0730;
				ORGANIZATIONNAME = mr.scorpion;
				TargetAttributes = {
					A6772EA41D6A98BA008D0B74 = {
						CreatedOnToolsVersion = 7.3.1;
						DevelopmentTeam = GXHE3742MX;
					};
					A6772EBD1D6A98BB008D0B74 = {
						CreatedOnToolsVersion = 7.3.1;
						DevelopmentTeam = GXHE3742MX;
						TestTargetID = A6772EA41D6A98BA008D0B74;
					};
				};
			};
			buildConfigurationList = A6772EA01D6A98BA008D0B74 /* Build configuration list for PBXProject "MSShow" */;
			compatibilityVersion = "Xcode 3.2";
			developmentRegion = English;
			hasScannedForEncodings = 0;
			knownRegions = (
				en,
				Base,
			);
			mainGroup = A6772E9C1D6A98BA008D0B74;
			productRefGroup = A6772EA61D6A98BA008D0B74 /* Products */;
			projectDirPath = "";
			projectRoot = "";
			targets = (
				A6772EA41D6A98BA008D0B74 /* MSShow */,
				A6772EBD1D6A98BB008D0B74 /* MSShowTests */,
			);
		};
/* End PBXProject section */

/* Begin PBXResourcesBuildPhase section */
		A6772EA31D6A98BA008D0B74 /* Resources */ = {
			isa = PBXResourcesBuildPhase;
			buildActionMask = 2147483647;
			files = (
				A6772EEB1D6AADCB008D0B74 /* keep.mp4 in Resources */,
				A6772EB81D6A98BB008D0B74 /* LaunchScreen.storyboard in Resources */,
				A63AF19E1D5049F90084CE06 /* MSProgressVC.storyboard in Resources */,
				A6772EB51D6A98BB008D0B74 /* Assets.xcassets in Resources */,
				A63AF18C1D50490B0084CE06 /* LoadingDots.xib in Resources */,
				A6772EB31D6A98BB008D0B74 /* Main.storyboard in Resources */,
			);
			runOnlyForDeploymentPostprocessing = 0;
		};
		A6772EBC1D6A98BB008D0B74 /* Resources */ = {
			isa = PBXResourcesBuildPhase;
			buildActionMask = 2147483647;
			files = (
			);
			runOnlyForDeploymentPostprocessing = 0;
		};
/* End PBXResourcesBuildPhase section */

/* Begin PBXShellScriptBuildPhase section */
		3A01D96B1F92DBB0341880B6 /* [CP] Check Pods Manifest.lock */ = {
			isa = PBXShellScriptBuildPhase;
			buildActionMask = 2147483647;
			files = (
			);
			inputPaths = (
			);
			name = "[CP] Check Pods Manifest.lock";
			outputPaths = (
			);
			runOnlyForDeploymentPostprocessing = 0;
			shellPath = /bin/sh;
			shellScript = "diff \"${PODS_ROOT}/../Podfile.lock\" \"${PODS_ROOT}/Manifest.lock\" > /dev/null\nif [[ $? != 0 ]] ; then\n    cat << EOM\nerror: The sandbox is not in sync with the Podfile.lock. Run 'pod install' or update your CocoaPods installation.\nEOM\n    exit 1\nfi\n";
			showEnvVarsInLog = 0;
		};
		C13B40EE27B00A17B6DD72FD /* [CP] Embed Pods Frameworks */ = {
			isa = PBXShellScriptBuildPhase;
			buildActionMask = 2147483647;
			files = (
			);
			inputPaths = (
			);
			name = "[CP] Embed Pods Frameworks";
			outputPaths = (
			);
			runOnlyForDeploymentPostprocessing = 0;
			shellPath = /bin/sh;
			shellScript = "\"${SRCROOT}/Pods/Target Support Files/Pods-MSShow/Pods-MSShow-frameworks.sh\"\n";
			showEnvVarsInLog = 0;
		};
		EFEC7767354C7431850E2CB1 /* [CP] Copy Pods Resources */ = {
			isa = PBXShellScriptBuildPhase;
			buildActionMask = 2147483647;
			files = (
			);
			inputPaths = (
			);
			name = "[CP] Copy Pods Resources";
			outputPaths = (
			);
			runOnlyForDeploymentPostprocessing = 0;
			shellPath = /bin/sh;
			shellScript = "\"${SRCROOT}/Pods/Target Support Files/Pods-MSShow/Pods-MSShow-resources.sh\"\n";
			showEnvVarsInLog = 0;
		};
/* End PBXShellScriptBuildPhase section */

/* Begin PBXSourcesBuildPhase section */
		A6772EA11D6A98BA008D0B74 /* Sources */ = {
			isa = PBXSourcesBuildPhase;
			buildActionMask = 2147483647;
			files = (
				A63AF18B1D50490B0084CE06 /* LoadingDots.swift in Sources */,
				A63AF18A1D50490B0084CE06 /* MSLoadingDotsVC.swift in Sources */,
				A6FFCA1F1D50725B00531366 /* CLMLayerAnimation.swift in Sources */,
				A63AF18D1D50490B0084CE06 /* MapViewController.swift in Sources */,
				A63AF1901D50490B0084CE06 /* MSScanningVC.m in Sources */,
				A6FFCA271D5072CD00531366 /* MSFadingText.swift in Sources */,
				A6FFCA251D5072B100531366 /* Quote.swift in Sources */,
				A63AF1891D50490B0084CE06 /* KeepNewFeatrueView.m in Sources */,
				A63AF18F1D50490B0084CE06 /* SonarAnnotationView.swift in Sources */,
				A63AF1921D50490B0084CE06 /* MSGuideView.m in Sources */,
				A63AF1911D50490B0084CE06 /* MSSpotlightVC.m in Sources */,
				A63AF1961D50493B0084CE06 /* MSProgressVC.swift in Sources */,
				A63AF1871D50490B0084CE06 /* KeepAdLabel.m in Sources */,
				A63AF19A1D50498E0084CE06 /* Gallon.swift in Sources */,
				A63AF1941D5049280084CE06 /* GlobalFunctions.swift in Sources */,
				A63AF1881D50490B0084CE06 /* KeepAdScrollView.m in Sources */,
				A63AF18E1D50490B0084CE06 /* Annotation.swift in Sources */,
				A6772EAA1D6A98BB008D0B74 /* main.m in Sources */,
				A63AF1861D50490B0084CE06 /* KeepNewFeatureViewController.m in Sources */,
				A6FFCA2A1D50734A00531366 /* SwiftExtenstions.swift in Sources */,
				A6FFCA301D5073FC00531366 /* AppDelegate.m in Sources */,
				A63AF1981D5049810084CE06 /* ProgressView.swift in Sources */,
				A6FFCA221D5072AA00531366 /* CharacterLabel.swift in Sources */,
				A6FFCA231D5072AA00531366 /* FadingLabel.swift in Sources */,
				A6FFCA311D5073FC00531366 /* ViewController.m in Sources */,
			);
			runOnlyForDeploymentPostprocessing = 0;
		};
		A6772EBA1D6A98BB008D0B74 /* Sources */ = {
			isa = PBXSourcesBuildPhase;
			buildActionMask = 2147483647;
			files = (
				A6772EC31D6A98BB008D0B74 /* MSShowTests.m in Sources */,
			);
			runOnlyForDeploymentPostprocessing = 0;
		};
/* End PBXSourcesBuildPhase section */

/* Begin PBXTargetDependency section */
		A6772EC01D6A98BB008D0B74 /* PBXTargetDependency */ = {
			isa = PBXTargetDependency;
			target = A6772EA41D6A98BA008D0B74 /* MSShow */;
			targetProxy = A6772EBF1D6A98BB008D0B74 /* PBXContainerItemProxy */;
		};
/* End PBXTargetDependency section */

/* Begin PBXVariantGroup section */
		A6772EB11D6A98BB008D0B74 /* Main.storyboard */ = {
			isa = PBXVariantGroup;
			children = (
				A6772EB21D6A98BB008D0B74 /* Base */,
			);
			name = Main.storyboard;
			sourceTree = "<group>";
		};
		A6772EB61D6A98BB008D0B74 /* LaunchScreen.storyboard */ = {
			isa = PBXVariantGroup;
			children = (
				A6772EB71D6A98BB008D0B74 /* Base */,
			);
			name = LaunchScreen.storyboard;
			sourceTree = "<group>";
		};
/* End PBXVariantGroup section */

/* Begin XCBuildConfiguration section */
		A6772EC51D6A98BB008D0B74 /* Debug */ = {
			isa = XCBuildConfiguration;
			buildSettings = {
				ALWAYS_SEARCH_USER_PATHS = NO;
				CLANG_ANALYZER_NONNULL = YES;
				CLANG_CXX_LANGUAGE_STANDARD = "gnu++0x";
				CLANG_CXX_LIBRARY = "libc++";
				CLANG_ENABLE_MODULES = YES;
				CLANG_ENABLE_OBJC_ARC = YES;
				CLANG_WARN_BOOL_CONVERSION = YES;
				CLANG_WARN_CONSTANT_CONVERSION = YES;
				CLANG_WARN_DIRECT_OBJC_ISA_USAGE = YES_ERROR;
				CLANG_WARN_EMPTY_BODY = YES;
				CLANG_WARN_ENUM_CONVERSION = YES;
				CLANG_WARN_INT_CONVERSION = YES;
				CLANG_WARN_OBJC_ROOT_CLASS = YES_ERROR;
				CLANG_WARN_UNREACHABLE_CODE = YES;
				CLANG_WARN__DUPLICATE_METHOD_MATCH = YES;
				"CODE_SIGN_IDENTITY[sdk=iphoneos*]" = "iPhone Developer";
				COPY_PHASE_STRIP = NO;
				DEBUG_INFORMATION_FORMAT = dwarf;
				ENABLE_STRICT_OBJC_MSGSEND = YES;
				ENABLE_TESTABILITY = YES;
				GCC_C_LANGUAGE_STANDARD = gnu99;
				GCC_DYNAMIC_NO_PIC = NO;
				GCC_NO_COMMON_BLOCKS = YES;
				GCC_OPTIMIZATION_LEVEL = 0;
				GCC_PREPROCESSOR_DEFINITIONS = (
					"DEBUG=1",
					"$(inherited)",
				);
				GCC_WARN_64_TO_32_BIT_CONVERSION = YES;
				GCC_WARN_ABOUT_RETURN_TYPE = YES_ERROR;
				GCC_WARN_UNDECLARED_SELECTOR = YES;
				GCC_WARN_UNINITIALIZED_AUTOS = YES_AGGRESSIVE;
				GCC_WARN_UNUSED_FUNCTION = YES;
				GCC_WARN_UNUSED_VARIABLE = YES;
				IPHONEOS_DEPLOYMENT_TARGET = 9.3;
				MTL_ENABLE_DEBUG_INFO = YES;
				ONLY_ACTIVE_ARCH = YES;
				SDKROOT = iphoneos;
			};
			name = Debug;
		};
		A6772EC61D6A98BB008D0B74 /* Release */ = {
			isa = XCBuildConfiguration;
			buildSettings = {
				ALWAYS_SEARCH_USER_PATHS = NO;
				CLANG_ANALYZER_NONNULL = YES;
				CLANG_CXX_LANGUAGE_STANDARD = "gnu++0x";
				CLANG_CXX_LIBRARY = "libc++";
				CLANG_ENABLE_MODULES = YES;
				CLANG_ENABLE_OBJC_ARC = YES;
				CLANG_WARN_BOOL_CONVERSION = YES;
				CLANG_WARN_CONSTANT_CONVERSION = YES;
				CLANG_WARN_DIRECT_OBJC_ISA_USAGE = YES_ERROR;
				CLANG_WARN_EMPTY_BODY = YES;
				CLANG_WARN_ENUM_CONVERSION = YES;
				CLANG_WARN_INT_CONVERSION = YES;
				CLANG_WARN_OBJC_ROOT_CLASS = YES_ERROR;
				CLANG_WARN_UNREACHABLE_CODE = YES;
				CLANG_WARN__DUPLICATE_METHOD_MATCH = YES;
				"CODE_SIGN_IDENTITY[sdk=iphoneos*]" = "iPhone Developer";
				COPY_PHASE_STRIP = NO;
				DEBUG_INFORMATION_FORMAT = "dwarf-with-dsym";
				ENABLE_NS_ASSERTIONS = NO;
				ENABLE_STRICT_OBJC_MSGSEND = YES;
				GCC_C_LANGUAGE_STANDARD = gnu99;
				GCC_NO_COMMON_BLOCKS = YES;
				GCC_WARN_64_TO_32_BIT_CONVERSION = YES;
				GCC_WARN_ABOUT_RETURN_TYPE = YES_ERROR;
				GCC_WARN_UNDECLARED_SELECTOR = YES;
				GCC_WARN_UNINITIALIZED_AUTOS = YES_AGGRESSIVE;
				GCC_WARN_UNUSED_FUNCTION = YES;
				GCC_WARN_UNUSED_VARIABLE = YES;
				IPHONEOS_DEPLOYMENT_TARGET = 9.3;
				MTL_ENABLE_DEBUG_INFO = NO;
				SDKROOT = iphoneos;
				VALIDATE_PRODUCT = YES;
			};
			name = Release;
		};
		A6772EC81D6A98BB008D0B74 /* Debug */ = {
			isa = XCBuildConfiguration;
			baseConfigurationReference = 4EE220E5ABF3E7C1FBF50286 /* Pods-MSShow.debug.xcconfig */;
			buildSettings = {
				ASSETCATALOG_COMPILER_APPICON_NAME = AppIcon;
				CLANG_ENABLE_MODULES = YES;
				INFOPLIST_FILE = MSShow/Info.plist;
				IPHONEOS_DEPLOYMENT_TARGET = 9.0;
				LD_RUNPATH_SEARCH_PATHS = "$(inherited) @executable_path/Frameworks";
				PRODUCT_BUNDLE_IDENTIFIER = mr.scorpion.MSShow;
				PRODUCT_NAME = "$(TARGET_NAME)";
				SWIFT_OBJC_BRIDGING_HEADER = "/Users/mr.scorpion/MSShow/MSShow/Shows/MSShow-Bridging-Header.h";
				SWIFT_OPTIMIZATION_LEVEL = "-Onone";
			};
			name = Debug;
		};
		A6772EC91D6A98BB008D0B74 /* Release */ = {
			isa = XCBuildConfiguration;
			baseConfigurationReference = 10FFF8436F5603168ABA5CDA /* Pods-MSShow.release.xcconfig */;
			buildSettings = {
				ASSETCATALOG_COMPILER_APPICON_NAME = AppIcon;
				CLANG_ENABLE_MODULES = YES;
				INFOPLIST_FILE = MSShow/Info.plist;
				IPHONEOS_DEPLOYMENT_TARGET = 9.0;
				LD_RUNPATH_SEARCH_PATHS = "$(inherited) @executable_path/Frameworks";
				PRODUCT_BUNDLE_IDENTIFIER = mr.scorpion.MSShow;
				PRODUCT_NAME = "$(TARGET_NAME)";
				SWIFT_OBJC_BRIDGING_HEADER = "/Users/mr.scorpion/MSShow/MSShow/Shows/MSShow-Bridging-Header.h";
			};
			name = Release;
		};
		A6772ECB1D6A98BB008D0B74 /* Debug */ = {
			isa = XCBuildConfiguration;
			buildSettings = {
				BUNDLE_LOADER = "$(TEST_HOST)";
				INFOPLIST_FILE = MSShowTests/Info.plist;
				LD_RUNPATH_SEARCH_PATHS = "$(inherited) @executable_path/Frameworks @loader_path/Frameworks";
				PRODUCT_BUNDLE_IDENTIFIER = mr.scorpion.MSShowTests;
				PRODUCT_NAME = "$(TARGET_NAME)";
				TEST_HOST = "$(BUILT_PRODUCTS_DIR)/MSShow.app/MSShow";
			};
			name = Debug;
		};
		A6772ECC1D6A98BB008D0B74 /* Release */ = {
			isa = XCBuildConfiguration;
			buildSettings = {
				BUNDLE_LOADER = "$(TEST_HOST)";
				INFOPLIST_FILE = MSShowTests/Info.plist;
				LD_RUNPATH_SEARCH_PATHS = "$(inherited) @executable_path/Frameworks @loader_path/Frameworks";
				PRODUCT_BUNDLE_IDENTIFIER = mr.scorpion.MSShowTests;
				PRODUCT_NAME = "$(TARGET_NAME)";
				TEST_HOST = "$(BUILT_PRODUCTS_DIR)/MSShow.app/MSShow";
			};
			name = Release;
		};
/* End XCBuildConfiguration section */

/* Begin XCConfigurationList section */
		A6772EA01D6A98BA008D0B74 /* Build configuration list for PBXProject "MSShow" */ = {
			isa = XCConfigurationList;
			buildConfigurations = (
				A6772EC51D6A98BB008D0B74 /* Debug */,
				A6772EC61D6A98BB008D0B74 /* Release */,
			);
			defaultConfigurationIsVisible = 0;
			defaultConfigurationName = Release;
		};
		A6772EC71D6A98BB008D0B74 /* Build configuration list for PBXNativeTarget "MSShow" */ = {
			isa = XCConfigurationList;
			buildConfigurations = (
				A6772EC81D6A98BB008D0B74 /* Debug */,
				A6772EC91D6A98BB008D0B74 /* Release */,
			);
			defaultConfigurationIsVisible = 0;
			defaultConfigurationName = Release;
		};
		A6772ECA1D6A98BB008D0B74 /* Build configuration list for PBXNativeTarget "MSShowTests" */ = {
			isa = XCConfigurationList;
			buildConfigurations = (
				A6772ECB1D6A98BB008D0B74 /* Debug */,
				A6772ECC1D6A98BB008D0B74 /* Release */,
			);
			defaultConfigurationIsVisible = 0;
			defaultConfigurationName = Release;
		};
/* End XCConfigurationList section */
	};
	rootObject = A6772E9D1D6A98BA008D0B74 /* Project object */;
}
